// !$*UTF8*$!
{
	archiveVersion = 1;
	classes = {
	};
	objectVersion = 46;
	objects = {
/* Begin PBXBuildFile section */
		06EB32EF88A34752940A0E3B /* CDVSplashScreen.m in Sources */ = {isa = PBXBuildFile; fileRef = DA6C3F10ADAD4925904D1181 /* CDVSplashScreen.m */; };
		07DA8DC07C59448F9193B8F0 /* SocialSharing.m in Sources */ = {isa = PBXBuildFile; fileRef = 4BC01248F2EF492F96810E71 /* SocialSharing.m */; };
		086F5DE3F156405890B63DC6 /* CDVLocation.m in Sources */ = {isa = PBXBuildFile; fileRef = 2798E0CF43C34797978D2578 /* CDVLocation.m */; };
		09CB564D88614662A5F043C6 /* PWPushStatRequest.m in Sources */ = {isa = PBXBuildFile; fileRef = 2856109DEBF545E381670BA1 /* PWPushStatRequest.m */; };
		0ABC1AF4B32645B6929354A7 /* PWSetTagsRequest.m in Sources */ = {isa = PBXBuildFile; fileRef = C6661F9642DE4BF29675A4C0 /* PWSetTagsRequest.m */; };
		1827D52101764D6EA79128A8 /* PWRegisterDeviceRequest.m in Sources */ = {isa = PBXBuildFile; fileRef = 56A36C754DA04FF49C024788 /* PWRegisterDeviceRequest.m */; };
		1D3623260D0F684500981E51 /* AppDelegate.m in Sources */ = {isa = PBXBuildFile; fileRef = 1D3623250D0F684500981E51 /* AppDelegate.m */; };
		1D60589B0D05DD56006BFB54 /* main.m in Sources */ = {isa = PBXBuildFile; fileRef = 29B97316FDCFA39411CA2CEA /* main.m */; };
		1F766FE113BBADB100FB74C0 /* Localizable.strings in Resources */ = {isa = PBXBuildFile; fileRef = 1F766FDC13BBADB100FB74C0 /* Localizable.strings */; };
		223640F7DE6F482C918F1101 /* HtmlWebViewController.m in Sources */ = {isa = PBXBuildFile; fileRef = 625D056E2A054D929FB5EEDA /* HtmlWebViewController.m */; };
		288765FD0DF74451002DB57D /* CoreGraphics.framework in Frameworks */ = {isa = PBXBuildFile; fileRef = 288765FC0DF74451002DB57D /* CoreGraphics.framework */; };
		2B41AD6FCE504C4B9451A5DF /* PWGetTagsRequest.m in Sources */ = {isa = PBXBuildFile; fileRef = 5011733A7F5A4C04808C2AD9 /* PWGetTagsRequest.m */; };
		301BF552109A68D80062928A /* libCordova.a in Frameworks */ = {isa = PBXBuildFile; fileRef = 301BF535109A57CC0062928A /* libCordova.a */; };
		302D95F114D2391D003F00A1 /* MainViewController.m in Sources */ = {isa = PBXBuildFile; fileRef = 302D95EF14D2391D003F00A1 /* MainViewController.m */; };
		302D95F214D2391D003F00A1 /* MainViewController.xib in Resources */ = {isa = PBXBuildFile; fileRef = 302D95F014D2391D003F00A1 /* MainViewController.xib */; };
		305D5FD1115AB8F900A74A75 /* MobileCoreServices.framework in Frameworks */ = {isa = PBXBuildFile; fileRef = 305D5FD0115AB8F900A74A75 /* MobileCoreServices.framework */; };
		3088BBBD154F3926009F9C59 /* Default-Landscape@2x~ipad.png in Resources */ = {isa = PBXBuildFile; fileRef = 3088BBB7154F3926009F9C59 /* Default-Landscape@2x~ipad.png */; };
		3088BBBE154F3926009F9C59 /* Default-Landscape~ipad.png in Resources */ = {isa = PBXBuildFile; fileRef = 3088BBB8154F3926009F9C59 /* Default-Landscape~ipad.png */; };
		3088BBBF154F3926009F9C59 /* Default-Portrait@2x~ipad.png in Resources */ = {isa = PBXBuildFile; fileRef = 3088BBB9154F3926009F9C59 /* Default-Portrait@2x~ipad.png */; };
		3088BBC0154F3926009F9C59 /* Default-Portrait~ipad.png in Resources */ = {isa = PBXBuildFile; fileRef = 3088BBBA154F3926009F9C59 /* Default-Portrait~ipad.png */; };
		3088BBC1154F3926009F9C59 /* Default@2x~iphone.png in Resources */ = {isa = PBXBuildFile; fileRef = 3088BBBB154F3926009F9C59 /* Default@2x~iphone.png */; };
		3088BBC2154F3926009F9C59 /* Default~iphone.png in Resources */ = {isa = PBXBuildFile; fileRef = 3088BBBC154F3926009F9C59 /* Default~iphone.png */; };
		308D05371370CCF300D202BF /* icon-72.png in Resources */ = {isa = PBXBuildFile; fileRef = 308D052E1370CCF300D202BF /* icon-72.png */; };
		308D05381370CCF300D202BF /* icon.png in Resources */ = {isa = PBXBuildFile; fileRef = 308D052F1370CCF300D202BF /* icon.png */; };
		308D05391370CCF300D202BF /* icon@2x.png in Resources */ = {isa = PBXBuildFile; fileRef = 308D05301370CCF300D202BF /* icon@2x.png */; };
		30A0434814DC770100060A13 /* Localizable.strings in Resources */ = {isa = PBXBuildFile; fileRef = 30A0434314DC770100060A13 /* Localizable.strings */; };
		30D39B93B8D5401C8E5C091B /* CDVNotification.m in Sources */ = {isa = PBXBuildFile; fileRef = F28E0A9564A744D2AE24CE7C /* CDVNotification.m */; };
		30FC414916E50CA1004E6F35 /* icon-72@2x.png in Resources */ = {isa = PBXBuildFile; fileRef = 30FC414816E50CA1004E6F35 /* icon-72@2x.png */; };
		33FF6E6268894CA18EEBFFD3 /* PWGetNearestZoneRequest.m in Sources */ = {isa = PBXBuildFile; fileRef = 57EFE5AD758F459B968314F0 /* PWGetNearestZoneRequest.m */; };
		4C5454761C9F4977BDBDE73C /* PushNotification.m in Sources */ = {isa = PBXBuildFile; fileRef = 181E729DA06548C3A064424A /* PushNotification.m */; };
		4E04BCD336D542509D77A261 /* PWUnregisterDeviceRequest.m in Sources */ = {isa = PBXBuildFile; fileRef = 2A6E3C8478E14C5AA315CDE8 /* PWUnregisterDeviceRequest.m */; };
		51AC5CA162D24F038808EAFB /* PWAppOpenRequest.m in Sources */ = {isa = PBXBuildFile; fileRef = B751246A14124FB98F507CE1 /* PWAppOpenRequest.m */; };
		5249ED89A67E4912B4F0DF3A /* PWRequest.m in Sources */ = {isa = PBXBuildFile; fileRef = 82DE45E17BF841BA86D0E3A7 /* PWRequest.m */; };
		5AEE5B35173C68D80009041E /* CoreLocation.framework in Frameworks */ = {isa = PBXBuildFile; fileRef = 5AEE5B34173C68D80009041E /* CoreLocation.framework */; };
		5B1594DD16A7569C00FEF299 /* AssetsLibrary.framework in Frameworks */ = {isa = PBXBuildFile; fileRef = 5B1594DC16A7569C00FEF299 /* AssetsLibrary.framework */; };
		5E6C901ACF7446C9BB27C95C /* PushNotificationManager.m in Sources */ = {isa = PBXBuildFile; fileRef = A6AD5052A5ED47FDAF30473E /* PushNotificationManager.m */; };
		63AAD0EFD85843A195EC93A5 /* PW_SBJsonBase.m in Sources */ = {isa = PBXBuildFile; fileRef = 214486F2C9B64F138113F8F6 /* PW_SBJsonBase.m */; };
		6532C472B5BE4E9687E46A58 /* PWLocationTracker.m in Sources */ = {isa = PBXBuildFile; fileRef = EE48847EA7E44E7DBFCC3900 /* PWLocationTracker.m */; };
		655330B71861A5ED008F3438 /* AudioToolbox.framework in Frameworks */ = {isa = PBXBuildFile; fileRef = 655330B51861A4FF008F3438 /* AudioToolbox.framework */; };
		74244DBAE9634C05AD7CFFBA /* CDVInAppBrowser.m in Sources */ = {isa = PBXBuildFile; fileRef = 854C61562EC64504882A7C2B /* CDVInAppBrowser.m */; };
		7E7966DE1810823500FA85AD /* icon-40.png in Resources */ = {isa = PBXBuildFile; fileRef = 7E7966D41810823500FA85AD /* icon-40.png */; };
		7E7966DF1810823500FA85AD /* icon-40@2x.png in Resources */ = {isa = PBXBuildFile; fileRef = 7E7966D51810823500FA85AD /* icon-40@2x.png */; };
		7E7966E01810823500FA85AD /* icon-50.png in Resources */ = {isa = PBXBuildFile; fileRef = 7E7966D61810823500FA85AD /* icon-50.png */; };
		7E7966E11810823500FA85AD /* icon-50@2x.png in Resources */ = {isa = PBXBuildFile; fileRef = 7E7966D71810823500FA85AD /* icon-50@2x.png */; };
		7E7966E21810823500FA85AD /* icon-60.png in Resources */ = {isa = PBXBuildFile; fileRef = 7E7966D81810823500FA85AD /* icon-60.png */; };
		7E7966E31810823500FA85AD /* icon-60@2x.png in Resources */ = {isa = PBXBuildFile; fileRef = 7E7966D91810823500FA85AD /* icon-60@2x.png */; };
		7E7966E41810823500FA85AD /* icon-76.png in Resources */ = {isa = PBXBuildFile; fileRef = 7E7966DA1810823500FA85AD /* icon-76.png */; };
		7E7966E51810823500FA85AD /* icon-76@2x.png in Resources */ = {isa = PBXBuildFile; fileRef = 7E7966DB1810823500FA85AD /* icon-76@2x.png */; };
		7E7966E61810823500FA85AD /* icon-small.png in Resources */ = {isa = PBXBuildFile; fileRef = 7E7966DC1810823500FA85AD /* icon-small.png */; };
		7E7966E71810823500FA85AD /* icon-small@2x.png in Resources */ = {isa = PBXBuildFile; fileRef = 7E7966DD1810823500FA85AD /* icon-small@2x.png */; };
		89F5A51000174ABCAE944473 /* PW_SBJsonWriter.m in Sources */ = {isa = PBXBuildFile; fileRef = FCCC4E81AF7747BC8E4FDE02 /* PW_SBJsonWriter.m */; };
		8C4C415FFDF64FE886C1F37B /* PW_SBJsonParser.m in Sources */ = {isa = PBXBuildFile; fileRef = AF8C853B6B434C89AC1D4D54 /* PW_SBJsonParser.m */; };
		9B29A40176B74152B1662111 /* CDVVibration.m in Sources */ = {isa = PBXBuildFile; fileRef = B10424AD70064C0F8965DA1C /* CDVVibration.m */; };
		B1A18DDF6A0449688BDDC255 /* CDVNotification.bundle in Resources */ = {isa = PBXBuildFile; fileRef = 8F6BF256C3A9465AB1E87990 /* CDVNotification.bundle */; };
		B78C56B318054E3BAD717840 /* PWApplicationEventRequest.m in Sources */ = {isa = PBXBuildFile; fileRef = 04B19691C73E4530851F441B /* PWApplicationEventRequest.m */; };
		B8DEC2CE2643439F8FA630A9 /* PWRequestManager.m in Sources */ = {isa = PBXBuildFile; fileRef = D93ABF0FB8294134B13890CD /* PWRequestManager.m */; };
		CCF95A8F6CE246A7BD90A646 /* CDVDevice.m in Sources */ = {isa = PBXBuildFile; fileRef = 88968F3EF2914D0DA7333019 /* CDVDevice.m */; };
		CD970475E5CA42F595C4AB76 /* PWSendBadgeRequest.m in Sources */ = {isa = PBXBuildFile; fileRef = 8AFADBF5B7F345D183FEE140 /* PWSendBadgeRequest.m */; };
		D132347487604F3F9419A9D9 /* PushRuntime.m in Sources */ = {isa = PBXBuildFile; fileRef = 3368F441733E42A3BE03BF60 /* PushRuntime.m */; };
		D4A0D8761607E02300AEF8BB /* Default-568h@2x~iphone.png in Resources */ = {isa = PBXBuildFile; fileRef = D4A0D8751607E02300AEF8BB /* Default-568h@2x~iphone.png */; };
		F840E1F1165FE0F500CFE078 /* config.xml in Resources */ = {isa = PBXBuildFile; fileRef = F840E1F0165FE0F500CFE078 /* config.xml */; };
		4B23D60A99944701AAC2A4ED /* CDVConnection.m in Sources */ = {isa = PBXBuildFile; fileRef = EF6A0558A46A4472899071B6 /* CDVConnection.m */; };
		5D50F61F8066408D9FD1422B /* CDVReachability.m in Sources */ = {isa = PBXBuildFile; fileRef = EE90C99F9CF54CCAA4C0D4E7 /* CDVReachability.m */; };
		0A1FEC12048440F3B16C8165 /* SystemConfiguration.framework in Frameworks */ = {isa = PBXBuildFile; fileRef = C545C5EB802C4F7E9E7D95D9 /* SystemConfiguration.framework */; settings = {ATTRIBUTES = (Weak, ); }; };
/* End PBXBuildFile section */

/* Begin PBXContainerItemProxy section */
		301BF534109A57CC0062928A /* PBXContainerItemProxy */ = {
			isa = PBXContainerItemProxy;
			containerPortal = 301BF52D109A57CC0062928A /* CordovaLib.xcodeproj */;
			proxyType = 2;
			remoteGlobalIDString = D2AAC07E0554694100DB518D;
			remoteInfo = CordovaLib;
		};
		301BF550109A68C00062928A /* PBXContainerItemProxy */ = {
			isa = PBXContainerItemProxy;
			containerPortal = 301BF52D109A57CC0062928A /* CordovaLib.xcodeproj */;
			proxyType = 1;
			remoteGlobalIDString = D2AAC07D0554694100DB518D;
			remoteInfo = CordovaLib;
		};
/* End PBXContainerItemProxy section */

/* Begin PBXFileReference section */
		043CED0A33EE4B58A598123A /* PWApplicationEventRequest.h */ = {isa = PBXFileReference; fileEncoding = 4; lastKnownFileType = sourcecode.c.h; name = PWApplicationEventRequest.h; path = com.pushwoosh.plugins.pushwoosh/ios/PWApplicationEventRequest.h; sourceTree = "<group>"; };
		04B19691C73E4530851F441B /* PWApplicationEventRequest.m */ = {isa = PBXFileReference; fileEncoding = 4; lastKnownFileType = sourcecode.c.objc; name = PWApplicationEventRequest.m; path = com.pushwoosh.plugins.pushwoosh/ios/PWApplicationEventRequest.m; sourceTree = "<group>"; };
		058DD8C7A94C40EC898E9624 /* PW_SBJsonWriter.h */ = {isa = PBXFileReference; fileEncoding = 4; lastKnownFileType = sourcecode.c.h; name = PW_SBJsonWriter.h; path = com.pushwoosh.plugins.pushwoosh/ios/PW_SBJsonWriter.h; sourceTree = "<group>"; };
		0AF2718637244645982811DA /* CDVInAppBrowser.h */ = {isa = PBXFileReference; fileEncoding = 4; lastKnownFileType = sourcecode.c.h; name = CDVInAppBrowser.h; path = org.apache.cordova.inappbrowser/CDVInAppBrowser.h; sourceTree = "<group>"; };
		181E729DA06548C3A064424A /* PushNotification.m */ = {isa = PBXFileReference; fileEncoding = 4; lastKnownFileType = sourcecode.c.objc; name = PushNotification.m; path = com.pushwoosh.plugins.pushwoosh/ios/PushNotification.m; sourceTree = "<group>"; };
		1C451C050692412AB4F812C6 /* PWRequestManager.h */ = {isa = PBXFileReference; fileEncoding = 4; lastKnownFileType = sourcecode.c.h; name = PWRequestManager.h; path = com.pushwoosh.plugins.pushwoosh/ios/PWRequestManager.h; sourceTree = "<group>"; };
		1D3623240D0F684500981E51 /* AppDelegate.h */ = {isa = PBXFileReference; fileEncoding = 4; lastKnownFileType = sourcecode.c.h; path = AppDelegate.h; sourceTree = "<group>"; };
		1D3623250D0F684500981E51 /* AppDelegate.m */ = {isa = PBXFileReference; fileEncoding = 4; lastKnownFileType = sourcecode.c.objc; path = AppDelegate.m; sourceTree = "<group>"; };
		1D6058910D05DD3D006BFB54 /* hotq.app */ = {isa = PBXFileReference; explicitFileType = wrapper.application; includeInIndex = 0; path = hotq.app; sourceTree = BUILT_PRODUCTS_DIR; };
		1F766FDD13BBADB100FB74C0 /* en */ = {isa = PBXFileReference; lastKnownFileType = text.plist.strings; name = en; path = Localizable.strings; sourceTree = "<group>"; };
		1F766FE013BBADB100FB74C0 /* es */ = {isa = PBXFileReference; lastKnownFileType = text.plist.strings; name = es; path = Localizable.strings; sourceTree = "<group>"; };
		214486F2C9B64F138113F8F6 /* PW_SBJsonBase.m */ = {isa = PBXFileReference; fileEncoding = 4; lastKnownFileType = sourcecode.c.objc; name = PW_SBJsonBase.m; path = com.pushwoosh.plugins.pushwoosh/ios/PW_SBJsonBase.m; sourceTree = "<group>"; };
		2798E0CF43C34797978D2578 /* CDVLocation.m */ = {isa = PBXFileReference; fileEncoding = 4; lastKnownFileType = sourcecode.c.objc; name = CDVLocation.m; path = org.apache.cordova.geolocation/CDVLocation.m; sourceTree = "<group>"; };
		27BAFC19898847B48B77A969 /* HtmlWebViewController.h */ = {isa = PBXFileReference; fileEncoding = 4; lastKnownFileType = sourcecode.c.h; name = HtmlWebViewController.h; path = com.pushwoosh.plugins.pushwoosh/ios/HtmlWebViewController.h; sourceTree = "<group>"; };
		2856109DEBF545E381670BA1 /* PWPushStatRequest.m */ = {isa = PBXFileReference; fileEncoding = 4; lastKnownFileType = sourcecode.c.objc; name = PWPushStatRequest.m; path = com.pushwoosh.plugins.pushwoosh/ios/PWPushStatRequest.m; sourceTree = "<group>"; };
		288765FC0DF74451002DB57D /* CoreGraphics.framework */ = {isa = PBXFileReference; lastKnownFileType = wrapper.framework; name = CoreGraphics.framework; path = System/Library/Frameworks/CoreGraphics.framework; sourceTree = SDKROOT; };
		29B97316FDCFA39411CA2CEA /* main.m */ = {isa = PBXFileReference; fileEncoding = 4; lastKnownFileType = sourcecode.c.objc; path = main.m; sourceTree = "<group>"; };
		2A6E3C8478E14C5AA315CDE8 /* PWUnregisterDeviceRequest.m */ = {isa = PBXFileReference; fileEncoding = 4; lastKnownFileType = sourcecode.c.objc; name = PWUnregisterDeviceRequest.m; path = com.pushwoosh.plugins.pushwoosh/ios/PWUnregisterDeviceRequest.m; sourceTree = "<group>"; };
		301BF52D109A57CC0062928A /* CordovaLib.xcodeproj */ = {isa = PBXFileReference; lastKnownFileType = "wrapper.pb-project"; name = CordovaLib.xcodeproj; path = CordovaLib/CordovaLib.xcodeproj; sourceTree = "<group>"; };
		301BF56E109A69640062928A /* www */ = {isa = PBXFileReference; lastKnownFileType = folder; path = www; sourceTree = SOURCE_ROOT; };
		302D95EE14D2391D003F00A1 /* MainViewController.h */ = {isa = PBXFileReference; fileEncoding = 4; lastKnownFileType = sourcecode.c.h; path = MainViewController.h; sourceTree = "<group>"; };
		302D95EF14D2391D003F00A1 /* MainViewController.m */ = {isa = PBXFileReference; fileEncoding = 4; lastKnownFileType = sourcecode.c.objc; path = MainViewController.m; sourceTree = "<group>"; };
		302D95F014D2391D003F00A1 /* MainViewController.xib */ = {isa = PBXFileReference; fileEncoding = 4; lastKnownFileType = file.xib; path = MainViewController.xib; sourceTree = "<group>"; };
		305D5FD0115AB8F900A74A75 /* MobileCoreServices.framework */ = {isa = PBXFileReference; lastKnownFileType = wrapper.framework; name = MobileCoreServices.framework; path = System/Library/Frameworks/MobileCoreServices.framework; sourceTree = SDKROOT; };
		3088BBB7154F3926009F9C59 /* Default-Landscape@2x~ipad.png */ = {isa = PBXFileReference; lastKnownFileType = image.png; path = "Default-Landscape@2x~ipad.png"; sourceTree = "<group>"; };
		3088BBB8154F3926009F9C59 /* Default-Landscape~ipad.png */ = {isa = PBXFileReference; lastKnownFileType = image.png; path = "Default-Landscape~ipad.png"; sourceTree = "<group>"; };
		3088BBB9154F3926009F9C59 /* Default-Portrait@2x~ipad.png */ = {isa = PBXFileReference; lastKnownFileType = image.png; path = "Default-Portrait@2x~ipad.png"; sourceTree = "<group>"; };
		3088BBBA154F3926009F9C59 /* Default-Portrait~ipad.png */ = {isa = PBXFileReference; lastKnownFileType = image.png; path = "Default-Portrait~ipad.png"; sourceTree = "<group>"; };
		3088BBBB154F3926009F9C59 /* Default@2x~iphone.png */ = {isa = PBXFileReference; lastKnownFileType = image.png; path = "Default@2x~iphone.png"; sourceTree = "<group>"; };
		3088BBBC154F3926009F9C59 /* Default~iphone.png */ = {isa = PBXFileReference; lastKnownFileType = image.png; path = "Default~iphone.png"; sourceTree = "<group>"; };
		308D052E1370CCF300D202BF /* icon-72.png */ = {isa = PBXFileReference; lastKnownFileType = image.png; path = "icon-72.png"; sourceTree = "<group>"; };
		308D052F1370CCF300D202BF /* icon.png */ = {isa = PBXFileReference; lastKnownFileType = image.png; path = icon.png; sourceTree = "<group>"; };
		308D05301370CCF300D202BF /* icon@2x.png */ = {isa = PBXFileReference; lastKnownFileType = image.png; path = "icon@2x.png"; sourceTree = "<group>"; };
		30A0434414DC770100060A13 /* de */ = {isa = PBXFileReference; lastKnownFileType = text.plist.strings; name = de; path = Localizable.strings; sourceTree = "<group>"; };
		30A0434714DC770100060A13 /* se */ = {isa = PBXFileReference; lastKnownFileType = text.plist.strings; name = se; path = Localizable.strings; sourceTree = "<group>"; };
		30FC414816E50CA1004E6F35 /* icon-72@2x.png */ = {isa = PBXFileReference; lastKnownFileType = image.png; path = "icon-72@2x.png"; sourceTree = "<group>"; };
		32CA4F630368D1EE00C91783 /* hotq-Prefix.pch */ = {isa = PBXFileReference; fileEncoding = 4; lastKnownFileType = sourcecode.c.h; path = "hotq-Prefix.pch"; sourceTree = "<group>"; };
		3368F441733E42A3BE03BF60 /* PushRuntime.m */ = {isa = PBXFileReference; fileEncoding = 4; lastKnownFileType = sourcecode.c.objc; name = PushRuntime.m; path = com.pushwoosh.plugins.pushwoosh/ios/PushRuntime.m; sourceTree = "<group>"; };
		3586F3CF1A72430F9636D41A /* PWLocationTracker.h */ = {isa = PBXFileReference; fileEncoding = 4; lastKnownFileType = sourcecode.c.h; name = PWLocationTracker.h; path = com.pushwoosh.plugins.pushwoosh/ios/PWLocationTracker.h; sourceTree = "<group>"; };
		37629FC2B42D41AD979FE56C /* CDVNotification.h */ = {isa = PBXFileReference; fileEncoding = 4; lastKnownFileType = sourcecode.c.h; name = CDVNotification.h; path = org.apache.cordova.dialogs/CDVNotification.h; sourceTree = "<group>"; };
		3EE892F6391643A7BDEBA06A /* PushNotificationManager.h */ = {isa = PBXFileReference; fileEncoding = 4; lastKnownFileType = sourcecode.c.h; name = PushNotificationManager.h; path = com.pushwoosh.plugins.pushwoosh/ios/PushNotificationManager.h; sourceTree = "<group>"; };
		4522E44D0DA4479DA0922F60 /* CDVDevice.h */ = {isa = PBXFileReference; fileEncoding = 4; lastKnownFileType = sourcecode.c.h; name = CDVDevice.h; path = org.apache.cordova.device/CDVDevice.h; sourceTree = "<group>"; };
		456001A06EEE457DB74DFD87 /* PushNotification.h */ = {isa = PBXFileReference; fileEncoding = 4; lastKnownFileType = sourcecode.c.h; name = PushNotification.h; path = com.pushwoosh.plugins.pushwoosh/ios/PushNotification.h; sourceTree = "<group>"; };
		48EFE65A8FC1435F8A0F2B1B /* CDVLocation.h */ = {isa = PBXFileReference; fileEncoding = 4; lastKnownFileType = sourcecode.c.h; name = CDVLocation.h; path = org.apache.cordova.geolocation/CDVLocation.h; sourceTree = "<group>"; };
		4A9535F8F43F41A2884FDCA4 /* PW_SBJsonParser.h */ = {isa = PBXFileReference; fileEncoding = 4; lastKnownFileType = sourcecode.c.h; name = PW_SBJsonParser.h; path = com.pushwoosh.plugins.pushwoosh/ios/PW_SBJsonParser.h; sourceTree = "<group>"; };
		4BC01248F2EF492F96810E71 /* SocialSharing.m */ = {isa = PBXFileReference; fileEncoding = 4; lastKnownFileType = sourcecode.c.objc; name = SocialSharing.m; path = "nl.x-services.plugins.socialsharing/SocialSharing.m"; sourceTree = "<group>"; };
		5011733A7F5A4C04808C2AD9 /* PWGetTagsRequest.m */ = {isa = PBXFileReference; fileEncoding = 4; lastKnownFileType = sourcecode.c.objc; name = PWGetTagsRequest.m; path = com.pushwoosh.plugins.pushwoosh/ios/PWGetTagsRequest.m; sourceTree = "<group>"; };
		56A36C754DA04FF49C024788 /* PWRegisterDeviceRequest.m */ = {isa = PBXFileReference; fileEncoding = 4; lastKnownFileType = sourcecode.c.objc; name = PWRegisterDeviceRequest.m; path = com.pushwoosh.plugins.pushwoosh/ios/PWRegisterDeviceRequest.m; sourceTree = "<group>"; };
		57EFE5AD758F459B968314F0 /* PWGetNearestZoneRequest.m */ = {isa = PBXFileReference; fileEncoding = 4; lastKnownFileType = sourcecode.c.objc; name = PWGetNearestZoneRequest.m; path = com.pushwoosh.plugins.pushwoosh/ios/PWGetNearestZoneRequest.m; sourceTree = "<group>"; };
		5AEE5B34173C68D80009041E /* CoreLocation.framework */ = {isa = PBXFileReference; lastKnownFileType = wrapper.framework; name = CoreLocation.framework; path = System/Library/Frameworks/CoreLocation.framework; sourceTree = SDKROOT; };
		5B1594DC16A7569C00FEF299 /* AssetsLibrary.framework */ = {isa = PBXFileReference; lastKnownFileType = wrapper.framework; name = AssetsLibrary.framework; path = System/Library/Frameworks/AssetsLibrary.framework; sourceTree = SDKROOT; };
		625D056E2A054D929FB5EEDA /* HtmlWebViewController.m */ = {isa = PBXFileReference; fileEncoding = 4; lastKnownFileType = sourcecode.c.objc; name = HtmlWebViewController.m; path = com.pushwoosh.plugins.pushwoosh/ios/HtmlWebViewController.m; sourceTree = "<group>"; };
		6478943D7D5C475CB77DC5D4 /* CDVSplashScreen.h */ = {isa = PBXFileReference; fileEncoding = 4; lastKnownFileType = sourcecode.c.h; name = CDVSplashScreen.h; path = org.apache.cordova.splashscreen/CDVSplashScreen.h; sourceTree = "<group>"; };
		6506EBA36BA845259BC79C19 /* PWSetTagsRequest.h */ = {isa = PBXFileReference; fileEncoding = 4; lastKnownFileType = sourcecode.c.h; name = PWSetTagsRequest.h; path = com.pushwoosh.plugins.pushwoosh/ios/PWSetTagsRequest.h; sourceTree = "<group>"; };
		655330AC1861A4A2008F3438 /* CoreAudio.framework */ = {isa = PBXFileReference; lastKnownFileType = wrapper.framework; name = CoreAudio.framework; path = System/Library/Frameworks/CoreAudio.framework; sourceTree = SDKROOT; };
		655330AF1861A4B7008F3438 /* AudioUnit.framework */ = {isa = PBXFileReference; lastKnownFileType = wrapper.framework; name = AudioUnit.framework; path = System/Library/Frameworks/AudioUnit.framework; sourceTree = SDKROOT; };
		655330B01861A4B7008F3438 /* CoreMedia.framework */ = {isa = PBXFileReference; lastKnownFileType = wrapper.framework; name = CoreMedia.framework; path = System/Library/Frameworks/CoreMedia.framework; sourceTree = SDKROOT; };
		655330B51861A4FF008F3438 /* AudioToolbox.framework */ = {isa = PBXFileReference; lastKnownFileType = wrapper.framework; name = AudioToolbox.framework; path = System/Library/Frameworks/AudioToolbox.framework; sourceTree = SDKROOT; };
		7862B859C85B4760B9478A9D /* CDVVibration.h */ = {isa = PBXFileReference; fileEncoding = 4; lastKnownFileType = sourcecode.c.h; name = CDVVibration.h; path = org.apache.cordova.vibration/CDVVibration.h; sourceTree = "<group>"; };
		7D7725751F914A7FB125C56A /* PW_SBJsonBase.h */ = {isa = PBXFileReference; fileEncoding = 4; lastKnownFileType = sourcecode.c.h; name = PW_SBJsonBase.h; path = com.pushwoosh.plugins.pushwoosh/ios/PW_SBJsonBase.h; sourceTree = "<group>"; };
		7E7966D41810823500FA85AD /* icon-40.png */ = {isa = PBXFileReference; lastKnownFileType = image.png; path = "icon-40.png"; sourceTree = "<group>"; };
		7E7966D51810823500FA85AD /* icon-40@2x.png */ = {isa = PBXFileReference; lastKnownFileType = image.png; path = "icon-40@2x.png"; sourceTree = "<group>"; };
		7E7966D61810823500FA85AD /* icon-50.png */ = {isa = PBXFileReference; lastKnownFileType = image.png; path = "icon-50.png"; sourceTree = "<group>"; };
		7E7966D71810823500FA85AD /* icon-50@2x.png */ = {isa = PBXFileReference; lastKnownFileType = image.png; path = "icon-50@2x.png"; sourceTree = "<group>"; };
		7E7966D81810823500FA85AD /* icon-60.png */ = {isa = PBXFileReference; lastKnownFileType = image.png; path = "icon-60.png"; sourceTree = "<group>"; };
		7E7966D91810823500FA85AD /* icon-60@2x.png */ = {isa = PBXFileReference; lastKnownFileType = image.png; path = "icon-60@2x.png"; sourceTree = "<group>"; };
		7E7966DA1810823500FA85AD /* icon-76.png */ = {isa = PBXFileReference; lastKnownFileType = image.png; path = "icon-76.png"; sourceTree = "<group>"; };
		7E7966DB1810823500FA85AD /* icon-76@2x.png */ = {isa = PBXFileReference; lastKnownFileType = image.png; path = "icon-76@2x.png"; sourceTree = "<group>"; };
		7E7966DC1810823500FA85AD /* icon-small.png */ = {isa = PBXFileReference; lastKnownFileType = image.png; path = "icon-small.png"; sourceTree = "<group>"; };
		7E7966DD1810823500FA85AD /* icon-small@2x.png */ = {isa = PBXFileReference; lastKnownFileType = image.png; path = "icon-small@2x.png"; sourceTree = "<group>"; };
		82DE45E17BF841BA86D0E3A7 /* PWRequest.m */ = {isa = PBXFileReference; fileEncoding = 4; lastKnownFileType = sourcecode.c.objc; name = PWRequest.m; path = com.pushwoosh.plugins.pushwoosh/ios/PWRequest.m; sourceTree = "<group>"; };
		8473580822FE4A09B1D35FDB /* SocialSharing.h */ = {isa = PBXFileReference; fileEncoding = 4; lastKnownFileType = sourcecode.c.h; name = SocialSharing.h; path = "nl.x-services.plugins.socialsharing/SocialSharing.h"; sourceTree = "<group>"; };
		854C61562EC64504882A7C2B /* CDVInAppBrowser.m */ = {isa = PBXFileReference; fileEncoding = 4; lastKnownFileType = sourcecode.c.objc; name = CDVInAppBrowser.m; path = org.apache.cordova.inappbrowser/CDVInAppBrowser.m; sourceTree = "<group>"; };
		85DF020E1AEA4D1FA725E558 /* PWGetNearestZoneRequest.h */ = {isa = PBXFileReference; fileEncoding = 4; lastKnownFileType = sourcecode.c.h; name = PWGetNearestZoneRequest.h; path = com.pushwoosh.plugins.pushwoosh/ios/PWGetNearestZoneRequest.h; sourceTree = "<group>"; };
		88968F3EF2914D0DA7333019 /* CDVDevice.m */ = {isa = PBXFileReference; fileEncoding = 4; lastKnownFileType = sourcecode.c.objc; name = CDVDevice.m; path = org.apache.cordova.device/CDVDevice.m; sourceTree = "<group>"; };
		8AFADBF5B7F345D183FEE140 /* PWSendBadgeRequest.m */ = {isa = PBXFileReference; fileEncoding = 4; lastKnownFileType = sourcecode.c.objc; name = PWSendBadgeRequest.m; path = com.pushwoosh.plugins.pushwoosh/ios/PWSendBadgeRequest.m; sourceTree = "<group>"; };
		8D1107310486CEB800E47090 /* hotq-Info.plist */ = {isa = PBXFileReference; fileEncoding = 4; lastKnownFileType = text.plist.xml; name = "hotq-Info.plist"; path = "../hotq-Info.plist"; plistStructureDefinitionIdentifier = "com.apple.xcode.plist.structure-definition.iphone.info-plist"; sourceTree = "<group>"; };
		8F6BF256C3A9465AB1E87990 /* CDVNotification.bundle */ = {isa = PBXFileReference; lastKnownFileType = "wrapper.plug-in"; path = CDVNotification.bundle; sourceTree = "<group>"; };
		A6AD5052A5ED47FDAF30473E /* PushNotificationManager.m */ = {isa = PBXFileReference; fileEncoding = 4; lastKnownFileType = sourcecode.c.objc; name = PushNotificationManager.m; path = com.pushwoosh.plugins.pushwoosh/ios/PushNotificationManager.m; sourceTree = "<group>"; };
		AB5635A3C2254B82B643299E /* PWUnregisterDeviceRequest.h */ = {isa = PBXFileReference; fileEncoding = 4; lastKnownFileType = sourcecode.c.h; name = PWUnregisterDeviceRequest.h; path = com.pushwoosh.plugins.pushwoosh/ios/PWUnregisterDeviceRequest.h; sourceTree = "<group>"; };
		AF8C853B6B434C89AC1D4D54 /* PW_SBJsonParser.m */ = {isa = PBXFileReference; fileEncoding = 4; lastKnownFileType = sourcecode.c.objc; name = PW_SBJsonParser.m; path = com.pushwoosh.plugins.pushwoosh/ios/PW_SBJsonParser.m; sourceTree = "<group>"; };
		B10424AD70064C0F8965DA1C /* CDVVibration.m */ = {isa = PBXFileReference; fileEncoding = 4; lastKnownFileType = sourcecode.c.objc; name = CDVVibration.m; path = org.apache.cordova.vibration/CDVVibration.m; sourceTree = "<group>"; };
		B751246A14124FB98F507CE1 /* PWAppOpenRequest.m */ = {isa = PBXFileReference; fileEncoding = 4; lastKnownFileType = sourcecode.c.objc; name = PWAppOpenRequest.m; path = com.pushwoosh.plugins.pushwoosh/ios/PWAppOpenRequest.m; sourceTree = "<group>"; };
		B92079F029294EF2B9C8F364 /* PWAppOpenRequest.h */ = {isa = PBXFileReference; fileEncoding = 4; lastKnownFileType = sourcecode.c.h; name = PWAppOpenRequest.h; path = com.pushwoosh.plugins.pushwoosh/ios/PWAppOpenRequest.h; sourceTree = "<group>"; };
		C4B291DFF2A3497090FA72C0 /* PWRegisterDeviceRequest.h */ = {isa = PBXFileReference; fileEncoding = 4; lastKnownFileType = sourcecode.c.h; name = PWRegisterDeviceRequest.h; path = com.pushwoosh.plugins.pushwoosh/ios/PWRegisterDeviceRequest.h; sourceTree = "<group>"; };
		C6661F9642DE4BF29675A4C0 /* PWSetTagsRequest.m */ = {isa = PBXFileReference; fileEncoding = 4; lastKnownFileType = sourcecode.c.objc; name = PWSetTagsRequest.m; path = com.pushwoosh.plugins.pushwoosh/ios/PWSetTagsRequest.m; sourceTree = "<group>"; };
		CD9A66E168174A86B2977A25 /* PWSendBadgeRequest.h */ = {isa = PBXFileReference; fileEncoding = 4; lastKnownFileType = sourcecode.c.h; name = PWSendBadgeRequest.h; path = com.pushwoosh.plugins.pushwoosh/ios/PWSendBadgeRequest.h; sourceTree = "<group>"; };
		D4A0D8751607E02300AEF8BB /* Default-568h@2x~iphone.png */ = {isa = PBXFileReference; lastKnownFileType = image.png; path = "Default-568h@2x~iphone.png"; sourceTree = "<group>"; };
		D6303CED65DE419EADB763A0 /* PushRuntime.h */ = {isa = PBXFileReference; fileEncoding = 4; lastKnownFileType = sourcecode.c.h; name = PushRuntime.h; path = com.pushwoosh.plugins.pushwoosh/ios/PushRuntime.h; sourceTree = "<group>"; };
		D93ABF0FB8294134B13890CD /* PWRequestManager.m */ = {isa = PBXFileReference; fileEncoding = 4; lastKnownFileType = sourcecode.c.objc; name = PWRequestManager.m; path = com.pushwoosh.plugins.pushwoosh/ios/PWRequestManager.m; sourceTree = "<group>"; };
		DA6C3F10ADAD4925904D1181 /* CDVSplashScreen.m */ = {isa = PBXFileReference; fileEncoding = 4; lastKnownFileType = sourcecode.c.objc; name = CDVSplashScreen.m; path = org.apache.cordova.splashscreen/CDVSplashScreen.m; sourceTree = "<group>"; };
		DCB9C18617BA43F1839FCD13 /* PWRequest.h */ = {isa = PBXFileReference; fileEncoding = 4; lastKnownFileType = sourcecode.c.h; name = PWRequest.h; path = com.pushwoosh.plugins.pushwoosh/ios/PWRequest.h; sourceTree = "<group>"; };
		EE48847EA7E44E7DBFCC3900 /* PWLocationTracker.m */ = {isa = PBXFileReference; fileEncoding = 4; lastKnownFileType = sourcecode.c.objc; name = PWLocationTracker.m; path = com.pushwoosh.plugins.pushwoosh/ios/PWLocationTracker.m; sourceTree = "<group>"; };
		F28E0A9564A744D2AE24CE7C /* CDVNotification.m */ = {isa = PBXFileReference; fileEncoding = 4; lastKnownFileType = sourcecode.c.objc; name = CDVNotification.m; path = org.apache.cordova.dialogs/CDVNotification.m; sourceTree = "<group>"; };
		F840E1F0165FE0F500CFE078 /* config.xml */ = {isa = PBXFileReference; lastKnownFileType = text.xml; name = config.xml; path = hotq/config.xml; sourceTree = "<group>"; };
		FCCC4E81AF7747BC8E4FDE02 /* PW_SBJsonWriter.m */ = {isa = PBXFileReference; fileEncoding = 4; lastKnownFileType = sourcecode.c.objc; name = PW_SBJsonWriter.m; path = com.pushwoosh.plugins.pushwoosh/ios/PW_SBJsonWriter.m; sourceTree = "<group>"; };
		FD9AF22CF1AF417D8B9B49C8 /* PWPushStatRequest.h */ = {isa = PBXFileReference; fileEncoding = 4; lastKnownFileType = sourcecode.c.h; name = PWPushStatRequest.h; path = com.pushwoosh.plugins.pushwoosh/ios/PWPushStatRequest.h; sourceTree = "<group>"; };
		FF2D4DA39978443BADF866C7 /* PWGetTagsRequest.h */ = {isa = PBXFileReference; fileEncoding = 4; lastKnownFileType = sourcecode.c.h; name = PWGetTagsRequest.h; path = com.pushwoosh.plugins.pushwoosh/ios/PWGetTagsRequest.h; sourceTree = "<group>"; };
		EF6A0558A46A4472899071B6 /* CDVConnection.m */ = {isa = PBXFileReference; lastKnownFileType = sourcecode.c.objc; name = "CDVConnection.m"; path = "org.apache.cordova.network-information/CDVConnection.m"; sourceTree = "<group>"; fileEncoding = 4; };
		EE90C99F9CF54CCAA4C0D4E7 /* CDVReachability.m */ = {isa = PBXFileReference; lastKnownFileType = sourcecode.c.objc; name = "CDVReachability.m"; path = "org.apache.cordova.network-information/CDVReachability.m"; sourceTree = "<group>"; fileEncoding = 4; };
		AE16D76E2C334CA3A9B87C53 /* CDVConnection.h */ = {isa = PBXFileReference; lastKnownFileType = sourcecode.c.h; name = "CDVConnection.h"; path = "org.apache.cordova.network-information/CDVConnection.h"; sourceTree = "<group>"; fileEncoding = 4; };
		3A7B388439C64A9AA9E68585 /* CDVReachability.h */ = {isa = PBXFileReference; lastKnownFileType = sourcecode.c.h; name = "CDVReachability.h"; path = "org.apache.cordova.network-information/CDVReachability.h"; sourceTree = "<group>"; fileEncoding = 4; };
		C545C5EB802C4F7E9E7D95D9 /* SystemConfiguration.framework */ = {isa = PBXFileReference; lastKnownFileType = wrapper.framework; name = "SystemConfiguration.framework"; path = "System/Library/Frameworks/SystemConfiguration.framework"; sourceTree = SDKROOT; fileEncoding = 4; };
/* End PBXFileReference section */

/* Begin PBXFrameworksBuildPhase section */
		1D60588F0D05DD3D006BFB54 /* Frameworks */ = {
			isa = PBXFrameworksBuildPhase;
			buildActionMask = 2147483647;
			files = (
				655330B71861A5ED008F3438 /* AudioToolbox.framework in Frameworks */,
				5B1594DD16A7569C00FEF299 /* AssetsLibrary.framework in Frameworks */,
				301BF552109A68D80062928A /* libCordova.a in Frameworks */,
				288765FD0DF74451002DB57D /* CoreGraphics.framework in Frameworks */,
				305D5FD1115AB8F900A74A75 /* MobileCoreServices.framework in Frameworks */,
				5AEE5B35173C68D80009041E /* CoreLocation.framework in Frameworks */,
				0A1FEC12048440F3B16C8165 /* SystemConfiguration.framework in Frameworks */,
			);
			runOnlyForDeploymentPostprocessing = 0;
		};
/* End PBXFrameworksBuildPhase section */

/* Begin PBXGroup section */
		080E96DDFE201D6D7F000001 /* Classes */ = {
			isa = PBXGroup;
			children = (
				302D95EE14D2391D003F00A1 /* MainViewController.h */,
				302D95EF14D2391D003F00A1 /* MainViewController.m */,
				302D95F014D2391D003F00A1 /* MainViewController.xib */,
				1D3623240D0F684500981E51 /* AppDelegate.h */,
				1D3623250D0F684500981E51 /* AppDelegate.m */,
			);
			name = Classes;
			path = hotq/Classes;
			sourceTree = SOURCE_ROOT;
		};
		19C28FACFE9D520D11CA2CBB /* Products */ = {
			isa = PBXGroup;
			children = (
				1D6058910D05DD3D006BFB54 /* hotq.app */,
			);
			name = Products;
			sourceTree = "<group>";
		};
		1F766FDB13BBADB100FB74C0 /* en.lproj */ = {
			isa = PBXGroup;
			children = (
				1F766FDC13BBADB100FB74C0 /* Localizable.strings */,
			);
			path = en.lproj;
			sourceTree = "<group>";
		};
		1F766FDE13BBADB100FB74C0 /* es.lproj */ = {
			isa = PBXGroup;
			children = (
				1F766FDF13BBADB100FB74C0 /* Localizable.strings */,
			);
			path = es.lproj;
			sourceTree = "<group>";
		};
		29B97314FDCFA39411CA2CEA /* CustomTemplate */ = {
			isa = PBXGroup;
			children = (
				F840E1F0165FE0F500CFE078 /* config.xml */,
				301BF56E109A69640062928A /* www */,
				301BF52D109A57CC0062928A /* CordovaLib.xcodeproj */,
				080E96DDFE201D6D7F000001 /* Classes */,
				307C750510C5A3420062BCA9 /* Plugins */,
				29B97315FDCFA39411CA2CEA /* Other Sources */,
				29B97317FDCFA39411CA2CEA /* Resources */,
				29B97323FDCFA39411CA2CEA /* Frameworks */,
				19C28FACFE9D520D11CA2CBB /* Products */,
			);
			name = CustomTemplate;
			sourceTree = "<group>";
		};
		29B97315FDCFA39411CA2CEA /* Other Sources */ = {
			isa = PBXGroup;
			children = (
				32CA4F630368D1EE00C91783 /* hotq-Prefix.pch */,
				29B97316FDCFA39411CA2CEA /* main.m */,
			);
			name = "Other Sources";
			path = hotq;
			sourceTree = "<group>";
		};
		29B97317FDCFA39411CA2CEA /* Resources */ = {
			isa = PBXGroup;
			children = (
				30A0434214DC770100060A13 /* de.lproj */,
				30A0434514DC770100060A13 /* se.lproj */,
				1F766FDB13BBADB100FB74C0 /* en.lproj */,
				1F766FDE13BBADB100FB74C0 /* es.lproj */,
				308D052D1370CCF300D202BF /* icons */,
				308D05311370CCF300D202BF /* splash */,
				8D1107310486CEB800E47090 /* hotq-Info.plist */,
				8F6BF256C3A9465AB1E87990 /* CDVNotification.bundle */,
			);
			name = Resources;
			path = hotq/Resources;
			sourceTree = "<group>";
		};
		29B97323FDCFA39411CA2CEA /* Frameworks */ = {
			isa = PBXGroup;
			children = (
				655330B51861A4FF008F3438 /* AudioToolbox.framework */,
				655330AF1861A4B7008F3438 /* AudioUnit.framework */,
				655330B01861A4B7008F3438 /* CoreMedia.framework */,
				655330AC1861A4A2008F3438 /* CoreAudio.framework */,
				5AEE5B34173C68D80009041E /* CoreLocation.framework */,
				5B1594DC16A7569C00FEF299 /* AssetsLibrary.framework */,
				288765FC0DF74451002DB57D /* CoreGraphics.framework */,
				305D5FD0115AB8F900A74A75 /* MobileCoreServices.framework */,
				C545C5EB802C4F7E9E7D95D9 /* SystemConfiguration.framework */,
			);
			name = Frameworks;
			sourceTree = "<group>";
		};
		301BF52E109A57CC0062928A /* Products */ = {
			isa = PBXGroup;
			children = (
				301BF535109A57CC0062928A /* libCordova.a */,
			);
			name = Products;
			sourceTree = "<group>";
		};
		307C750510C5A3420062BCA9 /* Plugins */ = {
			isa = PBXGroup;
			children = (
				88968F3EF2914D0DA7333019 /* CDVDevice.m */,
				4522E44D0DA4479DA0922F60 /* CDVDevice.h */,
				F28E0A9564A744D2AE24CE7C /* CDVNotification.m */,
				37629FC2B42D41AD979FE56C /* CDVNotification.h */,
				2798E0CF43C34797978D2578 /* CDVLocation.m */,
				48EFE65A8FC1435F8A0F2B1B /* CDVLocation.h */,
				854C61562EC64504882A7C2B /* CDVInAppBrowser.m */,
				0AF2718637244645982811DA /* CDVInAppBrowser.h */,
				B10424AD70064C0F8965DA1C /* CDVVibration.m */,
				7862B859C85B4760B9478A9D /* CDVVibration.h */,
				DA6C3F10ADAD4925904D1181 /* CDVSplashScreen.m */,
				6478943D7D5C475CB77DC5D4 /* CDVSplashScreen.h */,
				181E729DA06548C3A064424A /* PushNotification.m */,
				625D056E2A054D929FB5EEDA /* HtmlWebViewController.m */,
				A6AD5052A5ED47FDAF30473E /* PushNotificationManager.m */,
				57EFE5AD758F459B968314F0 /* PWGetNearestZoneRequest.m */,
				04B19691C73E4530851F441B /* PWApplicationEventRequest.m */,
				2856109DEBF545E381670BA1 /* PWPushStatRequest.m */,
				56A36C754DA04FF49C024788 /* PWRegisterDeviceRequest.m */,
				82DE45E17BF841BA86D0E3A7 /* PWRequest.m */,
				D93ABF0FB8294134B13890CD /* PWRequestManager.m */,
				5011733A7F5A4C04808C2AD9 /* PWGetTagsRequest.m */,
				C6661F9642DE4BF29675A4C0 /* PWSetTagsRequest.m */,
				B751246A14124FB98F507CE1 /* PWAppOpenRequest.m */,
				8AFADBF5B7F345D183FEE140 /* PWSendBadgeRequest.m */,
				EE48847EA7E44E7DBFCC3900 /* PWLocationTracker.m */,
				214486F2C9B64F138113F8F6 /* PW_SBJsonBase.m */,
				AF8C853B6B434C89AC1D4D54 /* PW_SBJsonParser.m */,
				FCCC4E81AF7747BC8E4FDE02 /* PW_SBJsonWriter.m */,
				2A6E3C8478E14C5AA315CDE8 /* PWUnregisterDeviceRequest.m */,
				3368F441733E42A3BE03BF60 /* PushRuntime.m */,
				456001A06EEE457DB74DFD87 /* PushNotification.h */,
				27BAFC19898847B48B77A969 /* HtmlWebViewController.h */,
				3EE892F6391643A7BDEBA06A /* PushNotificationManager.h */,
				85DF020E1AEA4D1FA725E558 /* PWGetNearestZoneRequest.h */,
				043CED0A33EE4B58A598123A /* PWApplicationEventRequest.h */,
				FD9AF22CF1AF417D8B9B49C8 /* PWPushStatRequest.h */,
				C4B291DFF2A3497090FA72C0 /* PWRegisterDeviceRequest.h */,
				DCB9C18617BA43F1839FCD13 /* PWRequest.h */,
				1C451C050692412AB4F812C6 /* PWRequestManager.h */,
				FF2D4DA39978443BADF866C7 /* PWGetTagsRequest.h */,
				6506EBA36BA845259BC79C19 /* PWSetTagsRequest.h */,
				B92079F029294EF2B9C8F364 /* PWAppOpenRequest.h */,
				CD9A66E168174A86B2977A25 /* PWSendBadgeRequest.h */,
				3586F3CF1A72430F9636D41A /* PWLocationTracker.h */,
				7D7725751F914A7FB125C56A /* PW_SBJsonBase.h */,
				4A9535F8F43F41A2884FDCA4 /* PW_SBJsonParser.h */,
				058DD8C7A94C40EC898E9624 /* PW_SBJsonWriter.h */,
				AB5635A3C2254B82B643299E /* PWUnregisterDeviceRequest.h */,
				D6303CED65DE419EADB763A0 /* PushRuntime.h */,
				4BC01248F2EF492F96810E71 /* SocialSharing.m */,
				8473580822FE4A09B1D35FDB /* SocialSharing.h */,
				EF6A0558A46A4472899071B6 /* CDVConnection.m */,
				EE90C99F9CF54CCAA4C0D4E7 /* CDVReachability.m */,
				AE16D76E2C334CA3A9B87C53 /* CDVConnection.h */,
				3A7B388439C64A9AA9E68585 /* CDVReachability.h */,
			);
			name = Plugins;
			path = hotq/Plugins;
			sourceTree = SOURCE_ROOT;
		};
		308D052D1370CCF300D202BF /* icons */ = {
			isa = PBXGroup;
			children = (
				7E7966D41810823500FA85AD /* icon-40.png */,
				7E7966D51810823500FA85AD /* icon-40@2x.png */,
				7E7966D61810823500FA85AD /* icon-50.png */,
				7E7966D71810823500FA85AD /* icon-50@2x.png */,
				7E7966D81810823500FA85AD /* icon-60.png */,
				7E7966D91810823500FA85AD /* icon-60@2x.png */,
				7E7966DA1810823500FA85AD /* icon-76.png */,
				7E7966DB1810823500FA85AD /* icon-76@2x.png */,
				7E7966DC1810823500FA85AD /* icon-small.png */,
				7E7966DD1810823500FA85AD /* icon-small@2x.png */,
				30FC414816E50CA1004E6F35 /* icon-72@2x.png */,
				308D052E1370CCF300D202BF /* icon-72.png */,
				308D052F1370CCF300D202BF /* icon.png */,
				308D05301370CCF300D202BF /* icon@2x.png */,
			);
			path = icons;
			sourceTree = "<group>";
		};
		308D05311370CCF300D202BF /* splash */ = {
			isa = PBXGroup;
			children = (
				D4A0D8751607E02300AEF8BB /* Default-568h@2x~iphone.png */,
				3088BBB7154F3926009F9C59 /* Default-Landscape@2x~ipad.png */,
				3088BBB8154F3926009F9C59 /* Default-Landscape~ipad.png */,
				3088BBB9154F3926009F9C59 /* Default-Portrait@2x~ipad.png */,
				3088BBBA154F3926009F9C59 /* Default-Portrait~ipad.png */,
				3088BBBB154F3926009F9C59 /* Default@2x~iphone.png */,
				3088BBBC154F3926009F9C59 /* Default~iphone.png */,
			);
			path = splash;
			sourceTree = "<group>";
		};
		30A0434214DC770100060A13 /* de.lproj */ = {
			isa = PBXGroup;
			children = (
				30A0434314DC770100060A13 /* Localizable.strings */,
			);
			path = de.lproj;
			sourceTree = "<group>";
		};
		30A0434514DC770100060A13 /* se.lproj */ = {
			isa = PBXGroup;
			children = (
				30A0434614DC770100060A13 /* Localizable.strings */,
			);
			path = se.lproj;
			sourceTree = "<group>";
		};
/* End PBXGroup section */

/* Begin PBXNativeTarget section */
		1D6058900D05DD3D006BFB54 /* hotq */ = {
			isa = PBXNativeTarget;
			buildConfigurationList = 1D6058960D05DD3E006BFB54 /* Build configuration list for PBXNativeTarget "hotq" */;
			buildPhases = (
				304B58A110DAC018002A0835 /* Copy www directory */,
				1D60588D0D05DD3D006BFB54 /* Resources */,
				1D60588E0D05DD3D006BFB54 /* Sources */,
				1D60588F0D05DD3D006BFB54 /* Frameworks */,
			);
			buildRules = (
			);
			dependencies = (
				301BF551109A68C00062928A /* PBXTargetDependency */,
			);
			name = hotq;
			productName = hotq;
			productReference = 1D6058910D05DD3D006BFB54 /* hotq.app */;
			productType = "com.apple.product-type.application";
		};
/* End PBXNativeTarget section */

/* Begin PBXProject section */
		29B97313FDCFA39411CA2CEA /* Project object */ = {
			isa = PBXProject;
			attributes = {
				LastUpgradeCheck = 500;
			};
			buildConfigurationList = C01FCF4E08A954540054247B /* Build configuration list for PBXProject "hotq" */;
			compatibilityVersion = "Xcode 3.2";
			developmentRegion = English;
			hasScannedForEncodings = 1;
			knownRegions = (
				English,
				Japanese,
				French,
				German,
				en,
				es,
				de,
				se,
			);
			mainGroup = 29B97314FDCFA39411CA2CEA /* CustomTemplate */;
			projectDirPath = "";
			projectReferences = (
				{
					ProductGroup = 301BF52E109A57CC0062928A /* Products */;
					ProjectRef = 301BF52D109A57CC0062928A /* CordovaLib.xcodeproj */;
				},
			);
			projectRoot = "";
			targets = (
				1D6058900D05DD3D006BFB54 /* hotq */,
			);
		};
/* End PBXProject section */

/* Begin PBXReferenceProxy section */
		301BF535109A57CC0062928A /* libCordova.a */ = {
			isa = PBXReferenceProxy;
			fileType = archive.ar;
			path = libCordova.a;
			remoteRef = 301BF534109A57CC0062928A /* PBXContainerItemProxy */;
			sourceTree = BUILT_PRODUCTS_DIR;
		};
/* End PBXReferenceProxy section */

/* Begin PBXResourcesBuildPhase section */
		1D60588D0D05DD3D006BFB54 /* Resources */ = {
			isa = PBXResourcesBuildPhase;
			buildActionMask = 2147483647;
			files = (
				F840E1F1165FE0F500CFE078 /* config.xml in Resources */,
				7E7966E41810823500FA85AD /* icon-76.png in Resources */,
				7E7966DF1810823500FA85AD /* icon-40@2x.png in Resources */,
				308D05371370CCF300D202BF /* icon-72.png in Resources */,
				308D05381370CCF300D202BF /* icon.png in Resources */,
				308D05391370CCF300D202BF /* icon@2x.png in Resources */,
				1F766FE113BBADB100FB74C0 /* Localizable.strings in Resources */,
				302D95F214D2391D003F00A1 /* MainViewController.xib in Resources */,
				7E7966E01810823500FA85AD /* icon-50.png in Resources */,
				7E7966E31810823500FA85AD /* icon-60@2x.png in Resources */,
				30A0434814DC770100060A13 /* Localizable.strings in Resources */,
				7E7966E61810823500FA85AD /* icon-small.png in Resources */,
				3088BBBD154F3926009F9C59 /* Default-Landscape@2x~ipad.png in Resources */,
				3088BBBE154F3926009F9C59 /* Default-Landscape~ipad.png in Resources */,
				3088BBBF154F3926009F9C59 /* Default-Portrait@2x~ipad.png in Resources */,
				7E7966E71810823500FA85AD /* icon-small@2x.png in Resources */,
				3088BBC0154F3926009F9C59 /* Default-Portrait~ipad.png in Resources */,
				7E7966DE1810823500FA85AD /* icon-40.png in Resources */,
				3088BBC1154F3926009F9C59 /* Default@2x~iphone.png in Resources */,
				7E7966E21810823500FA85AD /* icon-60.png in Resources */,
				3088BBC2154F3926009F9C59 /* Default~iphone.png in Resources */,
				D4A0D8761607E02300AEF8BB /* Default-568h@2x~iphone.png in Resources */,
				7E7966E11810823500FA85AD /* icon-50@2x.png in Resources */,
				7E7966E51810823500FA85AD /* icon-76@2x.png in Resources */,
				30FC414916E50CA1004E6F35 /* icon-72@2x.png in Resources */,
				B1A18DDF6A0449688BDDC255 /* CDVNotification.bundle in Resources */,
			);
			runOnlyForDeploymentPostprocessing = 0;
		};
/* End PBXResourcesBuildPhase section */

/* Begin PBXShellScriptBuildPhase section */
		304B58A110DAC018002A0835 /* Copy www directory */ = {
			isa = PBXShellScriptBuildPhase;
			buildActionMask = 2147483647;
			files = (
			);
			inputPaths = (
			);
			name = "Copy www directory";
			outputPaths = (
			);
			runOnlyForDeploymentPostprocessing = 0;
			shellPath = /bin/sh;
			shellScript = "cordova/lib/copy-www-build-step.sh";
		};
/* End PBXShellScriptBuildPhase section */

/* Begin PBXSourcesBuildPhase section */
		1D60588E0D05DD3D006BFB54 /* Sources */ = {
			isa = PBXSourcesBuildPhase;
			buildActionMask = 2147483647;
			files = (
				1D60589B0D05DD56006BFB54 /* main.m in Sources */,
				1D3623260D0F684500981E51 /* AppDelegate.m in Sources */,
				302D95F114D2391D003F00A1 /* MainViewController.m in Sources */,
				CCF95A8F6CE246A7BD90A646 /* CDVDevice.m in Sources */,
				30D39B93B8D5401C8E5C091B /* CDVNotification.m in Sources */,
				086F5DE3F156405890B63DC6 /* CDVLocation.m in Sources */,
				74244DBAE9634C05AD7CFFBA /* CDVInAppBrowser.m in Sources */,
				9B29A40176B74152B1662111 /* CDVVibration.m in Sources */,
				06EB32EF88A34752940A0E3B /* CDVSplashScreen.m in Sources */,
				4C5454761C9F4977BDBDE73C /* PushNotification.m in Sources */,
				223640F7DE6F482C918F1101 /* HtmlWebViewController.m in Sources */,
				5E6C901ACF7446C9BB27C95C /* PushNotificationManager.m in Sources */,
				33FF6E6268894CA18EEBFFD3 /* PWGetNearestZoneRequest.m in Sources */,
				B78C56B318054E3BAD717840 /* PWApplicationEventRequest.m in Sources */,
				09CB564D88614662A5F043C6 /* PWPushStatRequest.m in Sources */,
				1827D52101764D6EA79128A8 /* PWRegisterDeviceRequest.m in Sources */,
				5249ED89A67E4912B4F0DF3A /* PWRequest.m in Sources */,
				B8DEC2CE2643439F8FA630A9 /* PWRequestManager.m in Sources */,
				2B41AD6FCE504C4B9451A5DF /* PWGetTagsRequest.m in Sources */,
				0ABC1AF4B32645B6929354A7 /* PWSetTagsRequest.m in Sources */,
				51AC5CA162D24F038808EAFB /* PWAppOpenRequest.m in Sources */,
				CD970475E5CA42F595C4AB76 /* PWSendBadgeRequest.m in Sources */,
				6532C472B5BE4E9687E46A58 /* PWLocationTracker.m in Sources */,
				63AAD0EFD85843A195EC93A5 /* PW_SBJsonBase.m in Sources */,
				8C4C415FFDF64FE886C1F37B /* PW_SBJsonParser.m in Sources */,
				89F5A51000174ABCAE944473 /* PW_SBJsonWriter.m in Sources */,
				4E04BCD336D542509D77A261 /* PWUnregisterDeviceRequest.m in Sources */,
				D132347487604F3F9419A9D9 /* PushRuntime.m in Sources */,
				07DA8DC07C59448F9193B8F0 /* SocialSharing.m in Sources */,
				4B23D60A99944701AAC2A4ED /* CDVConnection.m in Sources */,
				5D50F61F8066408D9FD1422B /* CDVReachability.m in Sources */,
			);
			runOnlyForDeploymentPostprocessing = 0;
		};
/* End PBXSourcesBuildPhase section */

/* Begin PBXTargetDependency section */
		301BF551109A68C00062928A /* PBXTargetDependency */ = {
			isa = PBXTargetDependency;
			name = CordovaLib;
			targetProxy = 301BF550109A68C00062928A /* PBXContainerItemProxy */;
		};
/* End PBXTargetDependency section */

/* Begin PBXVariantGroup section */
		1F766FDC13BBADB100FB74C0 /* Localizable.strings */ = {
			isa = PBXVariantGroup;
			children = (
				1F766FDD13BBADB100FB74C0 /* en */,
			);
			name = Localizable.strings;
			sourceTree = "<group>";
		};
		1F766FDF13BBADB100FB74C0 /* Localizable.strings */ = {
			isa = PBXVariantGroup;
			children = (
				1F766FE013BBADB100FB74C0 /* es */,
			);
			name = Localizable.strings;
			sourceTree = "<group>";
		};
		30A0434314DC770100060A13 /* Localizable.strings */ = {
			isa = PBXVariantGroup;
			children = (
				30A0434414DC770100060A13 /* de */,
			);
			name = Localizable.strings;
			sourceTree = "<group>";
		};
		30A0434614DC770100060A13 /* Localizable.strings */ = {
			isa = PBXVariantGroup;
			children = (
				30A0434714DC770100060A13 /* se */,
			);
			name = Localizable.strings;
			sourceTree = "<group>";
		};
/* End PBXVariantGroup section */

/* Begin XCBuildConfiguration section */
		1D6058940D05DD3E006BFB54 /* Debug */ = {
			isa = XCBuildConfiguration;
			buildSettings = {
				ALWAYS_SEARCH_USER_PATHS = NO;
				CLANG_ENABLE_OBJC_ARC = YES;
				COPY_PHASE_STRIP = NO;
				GCC_DYNAMIC_NO_PIC = NO;
				GCC_OPTIMIZATION_LEVEL = 0;
				GCC_PRECOMPILE_PREFIX_HEADER = YES;
				GCC_PREFIX_HEADER = "hotq/hotq-Prefix.pch";
				GCC_THUMB_SUPPORT = NO;
				GCC_VERSION = "";
				INFOPLIST_FILE = "hotq/hotq-Info.plist";
				IPHONEOS_DEPLOYMENT_TARGET = 5.0;
				OTHER_LDFLAGS = (
					"-weak_framework",
					CoreFoundation,
					"-weak_framework",
					UIKit,
					"-weak_framework",
					AVFoundation,
					"-weak_framework",
					CoreMedia,
					"-weak-lSystem",
					"-force_load",
					"\"$(BUILT_PRODUCTS_DIR)/libCordova.a\"",
					"-ObjC",
				);
				PRODUCT_NAME = hotq;
				TARGETED_DEVICE_FAMILY = "1,2";
			};
			name = Debug;
		};
		1D6058950D05DD3E006BFB54 /* Release */ = {
			isa = XCBuildConfiguration;
			buildSettings = {
				ALWAYS_SEARCH_USER_PATHS = NO;
				CLANG_ENABLE_OBJC_ARC = YES;
				COPY_PHASE_STRIP = YES;
				GCC_PRECOMPILE_PREFIX_HEADER = YES;
				GCC_PREFIX_HEADER = "hotq/hotq-Prefix.pch";
				GCC_THUMB_SUPPORT = NO;
				GCC_VERSION = "";
				INFOPLIST_FILE = "hotq/hotq-Info.plist";
				IPHONEOS_DEPLOYMENT_TARGET = 5.0;
				OTHER_LDFLAGS = (
					"-weak_framework",
					CoreFoundation,
					"-weak_framework",
					UIKit,
					"-weak_framework",
					AVFoundation,
					"-weak_framework",
					CoreMedia,
					"-weak-lSystem",
					"-force_load",
					"\"$(BUILT_PRODUCTS_DIR)/libCordova.a\"",
					"-ObjC",
				);
				PRODUCT_NAME = hotq;
				TARGETED_DEVICE_FAMILY = "1,2";
			};
			name = Release;
		};
		C01FCF4F08A954540054247B /* Debug */ = {
			isa = XCBuildConfiguration;
			buildSettings = {
				CLANG_ENABLE_OBJC_ARC = YES;
				CLANG_WARN_BOOL_CONVERSION = YES;
				CLANG_WARN_CONSTANT_CONVERSION = YES;
				CLANG_WARN_EMPTY_BODY = YES;
				CLANG_WARN_ENUM_CONVERSION = YES;
				CLANG_WARN_INT_CONVERSION = YES;
				CLANG_WARN__DUPLICATE_METHOD_MATCH = YES;
				"CODE_SIGN_IDENTITY[sdk=iphoneos*]" = "iPhone Developer";
				GCC_C_LANGUAGE_STANDARD = c99;
				GCC_THUMB_SUPPORT = NO;
				GCC_VERSION = "";
				GCC_WARN_ABOUT_RETURN_TYPE = YES;
				GCC_WARN_UNDECLARED_SELECTOR = YES;
				GCC_WARN_UNINITIALIZED_AUTOS = YES;
				GCC_WARN_UNUSED_FUNCTION = YES;
				GCC_WARN_UNUSED_VARIABLE = YES;
				HEADER_SEARCH_PATHS = (
					"\"$(TARGET_BUILD_DIR)/usr/local/lib/include\"",
					"\"$(OBJROOT)/UninstalledProducts/include\"",
					"\"$(BUILT_PRODUCTS_DIR)\"",
				);
				IPHONEOS_DEPLOYMENT_TARGET = 5.0;
				ONLY_ACTIVE_ARCH = YES;
				OTHER_LDFLAGS = (
					"-weak_framework",
					CoreFoundation,
					"-weak_framework",
					UIKit,
					"-weak_framework",
					AVFoundation,
					"-weak_framework",
					CoreMedia,
					"-weak-lSystem",
					"-force_load",
					"\"$(BUILT_PRODUCTS_DIR)/libCordova.a\"",
					"-ObjC",
				);
				SDKROOT = iphoneos;
				SKIP_INSTALL = NO;
				USER_HEADER_SEARCH_PATHS = "";
			};
			name = Debug;
		};
		C01FCF5008A954540054247B /* Release */ = {
			isa = XCBuildConfiguration;
			buildSettings = {
				CLANG_ENABLE_OBJC_ARC = YES;
				CLANG_WARN_BOOL_CONVERSION = YES;
				CLANG_WARN_CONSTANT_CONVERSION = YES;
				CLANG_WARN_EMPTY_BODY = YES;
				CLANG_WARN_ENUM_CONVERSION = YES;
				CLANG_WARN_INT_CONVERSION = YES;
				CLANG_WARN__DUPLICATE_METHOD_MATCH = YES;
				"CODE_SIGN_IDENTITY[sdk=iphoneos*]" = "iPhone Developer";
				GCC_C_LANGUAGE_STANDARD = c99;
				GCC_THUMB_SUPPORT = NO;
				GCC_VERSION = "";
				GCC_WARN_ABOUT_RETURN_TYPE = YES;
				GCC_WARN_UNDECLARED_SELECTOR = YES;
				GCC_WARN_UNINITIALIZED_AUTOS = YES;
				GCC_WARN_UNUSED_FUNCTION = YES;
				GCC_WARN_UNUSED_VARIABLE = YES;
				HEADER_SEARCH_PATHS = (
					"\"$(TARGET_BUILD_DIR)/usr/local/lib/include\"",
					"\"$(OBJROOT)/UninstalledProducts/include\"",
					"\"$(BUILT_PRODUCTS_DIR)\"",
				);
				IPHONEOS_DEPLOYMENT_TARGET = 5.0;
				OTHER_LDFLAGS = (
					"-weak_framework",
					CoreFoundation,
					"-weak_framework",
					UIKit,
					"-weak_framework",
					AVFoundation,
					"-weak_framework",
					CoreMedia,
					"-weak-lSystem",
					"-force_load",
					"\"$(BUILT_PRODUCTS_DIR)/libCordova.a\"",
					"-ObjC",
				);
				SDKROOT = iphoneos;
				SKIP_INSTALL = NO;
				USER_HEADER_SEARCH_PATHS = "";
			};
			name = Release;
		};
/* End XCBuildConfiguration section */

/* Begin XCConfigurationList section */
		1D6058960D05DD3E006BFB54 /* Build configuration list for PBXNativeTarget "hotq" */ = {
			isa = XCConfigurationList;
			buildConfigurations = (
				1D6058940D05DD3E006BFB54 /* Debug */,
				1D6058950D05DD3E006BFB54 /* Release */,
			);
			defaultConfigurationIsVisible = 0;
			defaultConfigurationName = Release;
		};
		C01FCF4E08A954540054247B /* Build configuration list for PBXProject "hotq" */ = {
			isa = XCConfigurationList;
			buildConfigurations = (
				C01FCF4F08A954540054247B /* Debug */,
				C01FCF5008A954540054247B /* Release */,
			);
			defaultConfigurationIsVisible = 0;
			defaultConfigurationName = Release;
		};
/* End XCConfigurationList section */
	};
	rootObject = 29B97313FDCFA39411CA2CEA /* Project object */;
}
